
Microsoft Visual Studio Solution File, Format Version 12.00
# Visual Studio Version 17
VisualStudioVersion = 17.4.33213.308
MinimumVisualStudioVersion = 10.0.40219.1
Project("{FAE04EC0-301F-11D3-BF4B-00C04F79EFBC}") = "Siva Font Converter", "Siva Font Converter\Siva Font Converter.csproj", "{BE8025FB-69A2-437D-B550-60F50D635D2F}"
EndProject
Global
	GlobalSection(SolutionConfigurationPlatforms) = preSolution
		Debug|Any CPU = Debug|Any CPU
		Release|Any CPU = Release|Any CPU
	EndGlobalSection
	GlobalSection(ProjectConfigurationPlatforms) = postSolution
		{BE8025FB-69A2-437D-B550-60F50D635D2F}.Debug|Any CPU.ActiveCfg = Debug|Any CPU
		{BE8025FB-69A2-437D-B550-60F50D635D2F}.Debug|Any CPU.Build.0 = Debug|Any CPU
		{BE8025FB-69A2-437D-B550-60F50D635D2F}.Release|Any CPU.ActiveCfg = Release|Any CPU
		{BE8025FB-69A2-437D-B550-60F50D635D2F}.Release|Any CPU.Build.0 = Release|Any CPU
	EndGlobalSection
	GlobalSection(SolutionProperties) = preSolution
		HideSolutionNode = FALSE
	EndGlobalSection
	GlobalSection(ExtensibilityGlobals) = postSolution
		SolutionGuid = {995FDA69-886C-4F5D-9E92-97395426AF0C}
	EndGlobalSection
EndGlobal
